// !$*UTF8*$!
{
	archiveVersion = 1;
	classes = {
	};
	objectVersion = 55;
	objects = {

/* Begin PBXBuildFile section */
		6D43F6222825E80C0004671C /* AppDelegate.swift in Sources */ = {isa = PBXBuildFile; fileRef = 6D43F6212825E80C0004671C /* AppDelegate.swift */; };
		6D43F6242825E80C0004671C /* SceneDelegate.swift in Sources */ = {isa = PBXBuildFile; fileRef = 6D43F6232825E80C0004671C /* SceneDelegate.swift */; };
		6D43F6262825E80C0004671C /* ViewController.swift in Sources */ = {isa = PBXBuildFile; fileRef = 6D43F6252825E80C0004671C /* ViewController.swift */; };
		6D43F6292825E80C0004671C /* Main.storyboard in Resources */ = {isa = PBXBuildFile; fileRef = 6D43F6272825E80C0004671C /* Main.storyboard */; };
		6D43F62B2825E80E0004671C /* Assets.xcassets in Resources */ = {isa = PBXBuildFile; fileRef = 6D43F62A2825E80E0004671C /* Assets.xcassets */; };
		6D43F62E2825E80E0004671C /* LaunchScreen.storyboard in Resources */ = {isa = PBXBuildFile; fileRef = 6D43F62C2825E80E0004671C /* LaunchScreen.storyboard */; };
		6D43F6362825EC400004671C /* GoodFirstViewController.swift in Sources */ = {isa = PBXBuildFile; fileRef = 6D43F6352825EC400004671C /* GoodFirstViewController.swift */; };
		6D43F6382825EC4B0004671C /* GoodSecondViewController.swift in Sources */ = {isa = PBXBuildFile; fileRef = 6D43F6372825EC4B0004671C /* GoodSecondViewController.swift */; };
		6D43F63A2825ED530004671C /* GoodFirstPViewController.swift in Sources */ = {isa = PBXBuildFile; fileRef = 6D43F6392825ED530004671C /* GoodFirstPViewController.swift */; };
		6D43F63C2825ED620004671C /* GoodSecondPViewController.swift in Sources */ = {isa = PBXBuildFile; fileRef = 6D43F63B2825ED620004671C /* GoodSecondPViewController.swift */; };
		6D43F63E2825FBB20004671C /* PunViewController.swift in Sources */ = {isa = PBXBuildFile; fileRef = 6D43F63D2825FBB20004671C /* PunViewController.swift */; };
		6D43F6402825FBD70004671C /* DadViewController.swift in Sources */ = {isa = PBXBuildFile; fileRef = 6D43F63F2825FBD70004671C /* DadViewController.swift */; };
		6D43F6422825FBF70004671C /* KnockKnockViewController.swift in Sources */ = {isa = PBXBuildFile; fileRef = 6D43F6412825FBF70004671C /* KnockKnockViewController.swift */; };
		6D43F6442825FC300004671C /* PunFirstViewController.swift in Sources */ = {isa = PBXBuildFile; fileRef = 6D43F6432825FC300004671C /* PunFirstViewController.swift */; };
		6D43F6462825FC5C0004671C /* PunFirstPViewController.swift in Sources */ = {isa = PBXBuildFile; fileRef = 6D43F6452825FC5C0004671C /* PunFirstPViewController.swift */; };
		6D43F6482825FCE80004671C /* PunSecondViewController.swift in Sources */ = {isa = PBXBuildFile; fileRef = 6D43F6472825FCE80004671C /* PunSecondViewController.swift */; };
		6D43F64A2825FD090004671C /* PunSecondPViewController.swift in Sources */ = {isa = PBXBuildFile; fileRef = 6D43F6492825FD090004671C /* PunSecondPViewController.swift */; };
		6D43F64C282604380004671C /* DadFirstViewController.swift in Sources */ = {isa = PBXBuildFile; fileRef = 6D43F64B282604380004671C /* DadFirstViewController.swift */; };
		6D43F64E282604410004671C /* DadSecondViewController.swift in Sources */ = {isa = PBXBuildFile; fileRef = 6D43F64D282604410004671C /* DadSecondViewController.swift */; };
		6D43F6502826044B0004671C /* DadFirstPViewController.swift in Sources */ = {isa = PBXBuildFile; fileRef = 6D43F64F2826044B0004671C /* DadFirstPViewController.swift */; };
		6D43F652282604550004671C /* DadSecondPViewController.swift in Sources */ = {isa = PBXBuildFile; fileRef = 6D43F651282604550004671C /* DadSecondPViewController.swift */; };
		6D43F654282619B30004671C /* KKFirstViewController.swift in Sources */ = {isa = PBXBuildFile; fileRef = 6D43F653282619B30004671C /* KKFirstViewController.swift */; };
		6D43F656282619C00004671C /* KKSecondViewController.swift in Sources */ = {isa = PBXBuildFile; fileRef = 6D43F655282619C00004671C /* KKSecondViewController.swift */; };
		6D43F658282619CA0004671C /* KKThirdViewController.swift in Sources */ = {isa = PBXBuildFile; fileRef = 6D43F657282619CA0004671C /* KKThirdViewController.swift */; };
		6D43F65A282619D40004671C /* KKFourthViewController.swift in Sources */ = {isa = PBXBuildFile; fileRef = 6D43F659282619D40004671C /* KKFourthViewController.swift */; };
		6D43F65C28261A190004671C /* KKFifthViewController.swift in Sources */ = {isa = PBXBuildFile; fileRef = 6D43F65B28261A190004671C /* KKFifthViewController.swift */; };
		6D43F662282622DB0004671C /* PunThirdViewController.swift in Sources */ = {isa = PBXBuildFile; fileRef = 6D43F661282622DB0004671C /* PunThirdViewController.swift */; };
		6D43F664282622E90004671C /* PunThirdPViewController.swift in Sources */ = {isa = PBXBuildFile; fileRef = 6D43F663282622E90004671C /* PunThirdPViewController.swift */; };
		6D43F66E282629300004671C /* GoodThirdViewController.swift in Sources */ = {isa = PBXBuildFile; fileRef = 6D43F66D282629300004671C /* GoodThirdViewController.swift */; };
		6D43F6702826293B0004671C /* GoodThirdPViewController.swift in Sources */ = {isa = PBXBuildFile; fileRef = 6D43F66F2826293B0004671C /* GoodThirdPViewController.swift */; };
		6D43F67928262FB80004671C /* DadThirdViewController.swift in Sources */ = {isa = PBXBuildFile; fileRef = 6D43F67828262FB80004671C /* DadThirdViewController.swift */; };
		6D43F67B28262FC60004671C /* DadThirdPViewController.swift in Sources */ = {isa = PBXBuildFile; fileRef = 6D43F67A28262FC60004671C /* DadThirdPViewController.swift */; };
		6D43F682282634240004671C /* dad-question.jpg in Resources */ = {isa = PBXBuildFile; fileRef = 6D43F67C282634240004671C /* dad-question.jpg */; };
		6D43F683282634240004671C /* dad-punchline.png in Resources */ = {isa = PBXBuildFile; fileRef = 6D43F67D282634240004671C /* dad-punchline.png */; };
		6D43F684282634240004671C /* pun-punchline.jpg in Resources */ = {isa = PBXBuildFile; fileRef = 6D43F67E282634240004671C /* pun-punchline.jpg */; };
		6D43F685282634240004671C /* good-question.jpg in Resources */ = {isa = PBXBuildFile; fileRef = 6D43F67F282634240004671C /* good-question.jpg */; };
		6D43F686282634240004671C /* pun-question.gif in Resources */ = {isa = PBXBuildFile; fileRef = 6D43F680282634240004671C /* pun-question.gif */; };
		6D43F687282634240004671C /* good-punchline.jpg in Resources */ = {isa = PBXBuildFile; fileRef = 6D43F681282634240004671C /* good-punchline.jpg */; };
/* End PBXBuildFile section */

/* Begin PBXFileReference section */
		6D43F61E2825E80C0004671C /* iKid.app */ = {isa = PBXFileReference; explicitFileType = wrapper.application; includeInIndex = 0; path = iKid.app; sourceTree = BUILT_PRODUCTS_DIR; };
		6D43F6212825E80C0004671C /* AppDelegate.swift */ = {isa = PBXFileReference; lastKnownFileType = sourcecode.swift; path = AppDelegate.swift; sourceTree = "<group>"; };
		6D43F6232825E80C0004671C /* SceneDelegate.swift */ = {isa = PBXFileReference; lastKnownFileType = sourcecode.swift; path = SceneDelegate.swift; sourceTree = "<group>"; };
		6D43F6252825E80C0004671C /* ViewController.swift */ = {isa = PBXFileReference; lastKnownFileType = sourcecode.swift; path = ViewController.swift; sourceTree = "<group>"; };
		6D43F6282825E80C0004671C /* Base */ = {isa = PBXFileReference; lastKnownFileType = file.storyboard; name = Base; path = Base.lproj/Main.storyboard; sourceTree = "<group>"; };
		6D43F62A2825E80E0004671C /* Assets.xcassets */ = {isa = PBXFileReference; lastKnownFileType = folder.assetcatalog; path = Assets.xcassets; sourceTree = "<group>"; };
		6D43F62D2825E80E0004671C /* Base */ = {isa = PBXFileReference; lastKnownFileType = file.storyboard; name = Base; path = Base.lproj/LaunchScreen.storyboard; sourceTree = "<group>"; };
		6D43F62F2825E80E0004671C /* Info.plist */ = {isa = PBXFileReference; lastKnownFileType = text.plist.xml; path = Info.plist; sourceTree = "<group>"; };
		6D43F6352825EC400004671C /* GoodFirstViewController.swift */ = {isa = PBXFileReference; lastKnownFileType = sourcecode.swift; path = GoodFirstViewController.swift; sourceTree = "<group>"; };
		6D43F6372825EC4B0004671C /* GoodSecondViewController.swift */ = {isa = PBXFileReference; lastKnownFileType = sourcecode.swift; path = GoodSecondViewController.swift; sourceTree = "<group>"; };
		6D43F6392825ED530004671C /* GoodFirstPViewController.swift */ = {isa = PBXFileReference; lastKnownFileType = sourcecode.swift; path = GoodFirstPViewController.swift; sourceTree = "<group>"; };
		6D43F63B2825ED620004671C /* GoodSecondPViewController.swift */ = {isa = PBXFileReference; lastKnownFileType = sourcecode.swift; path = GoodSecondPViewController.swift; sourceTree = "<group>"; };
		6D43F63D2825FBB20004671C /* PunViewController.swift */ = {isa = PBXFileReference; lastKnownFileType = sourcecode.swift; path = PunViewController.swift; sourceTree = "<group>"; };
		6D43F63F2825FBD70004671C /* DadViewController.swift */ = {isa = PBXFileReference; lastKnownFileType = sourcecode.swift; path = DadViewController.swift; sourceTree = "<group>"; };
		6D43F6412825FBF70004671C /* KnockKnockViewController.swift */ = {isa = PBXFileReference; lastKnownFileType = sourcecode.swift; path = KnockKnockViewController.swift; sourceTree = "<group>"; };
		6D43F6432825FC300004671C /* PunFirstViewController.swift */ = {isa = PBXFileReference; lastKnownFileType = sourcecode.swift; path = PunFirstViewController.swift; sourceTree = "<group>"; };
		6D43F6452825FC5C0004671C /* PunFirstPViewController.swift */ = {isa = PBXFileReference; lastKnownFileType = sourcecode.swift; path = PunFirstPViewController.swift; sourceTree = "<group>"; };
		6D43F6472825FCE80004671C /* PunSecondViewController.swift */ = {isa = PBXFileReference; lastKnownFileType = sourcecode.swift; path = PunSecondViewController.swift; sourceTree = "<group>"; };
		6D43F6492825FD090004671C /* PunSecondPViewController.swift */ = {isa = PBXFileReference; lastKnownFileType = sourcecode.swift; path = PunSecondPViewController.swift; sourceTree = "<group>"; };
		6D43F64B282604380004671C /* DadFirstViewController.swift */ = {isa = PBXFileReference; lastKnownFileType = sourcecode.swift; path = DadFirstViewController.swift; sourceTree = "<group>"; };
		6D43F64D282604410004671C /* DadSecondViewController.swift */ = {isa = PBXFileReference; lastKnownFileType = sourcecode.swift; path = DadSecondViewController.swift; sourceTree = "<group>"; };
		6D43F64F2826044B0004671C /* DadFirstPViewController.swift */ = {isa = PBXFileReference; lastKnownFileType = sourcecode.swift; path = DadFirstPViewController.swift; sourceTree = "<group>"; };
		6D43F651282604550004671C /* DadSecondPViewController.swift */ = {isa = PBXFileReference; lastKnownFileType = sourcecode.swift; path = DadSecondPViewController.swift; sourceTree = "<group>"; };
		6D43F653282619B30004671C /* KKFirstViewController.swift */ = {isa = PBXFileReference; lastKnownFileType = sourcecode.swift; path = KKFirstViewController.swift; sourceTree = "<group>"; };
		6D43F655282619C00004671C /* KKSecondViewController.swift */ = {isa = PBXFileReference; lastKnownFileType = sourcecode.swift; path = KKSecondViewController.swift; sourceTree = "<group>"; };
		6D43F657282619CA0004671C /* KKThirdViewController.swift */ = {isa = PBXFileReference; lastKnownFileType = sourcecode.swift; path = KKThirdViewController.swift; sourceTree = "<group>"; };
		6D43F659282619D40004671C /* KKFourthViewController.swift */ = {isa = PBXFileReference; lastKnownFileType = sourcecode.swift; path = KKFourthViewController.swift; sourceTree = "<group>"; };
		6D43F65B28261A190004671C /* KKFifthViewController.swift */ = {isa = PBXFileReference; lastKnownFileType = sourcecode.swift; path = KKFifthViewController.swift; sourceTree = "<group>"; };
		6D43F661282622DB0004671C /* PunThirdViewController.swift */ = {isa = PBXFileReference; lastKnownFileType = sourcecode.swift; path = PunThirdViewController.swift; sourceTree = "<group>"; };
		6D43F663282622E90004671C /* PunThirdPViewController.swift */ = {isa = PBXFileReference; lastKnownFileType = sourcecode.swift; path = PunThirdPViewController.swift; sourceTree = "<group>"; };
		6D43F66D282629300004671C /* GoodThirdViewController.swift */ = {isa = PBXFileReference; lastKnownFileType = sourcecode.swift; path = GoodThirdViewController.swift; sourceTree = "<group>"; };
		6D43F66F2826293B0004671C /* GoodThirdPViewController.swift */ = {isa = PBXFileReference; lastKnownFileType = sourcecode.swift; path = GoodThirdPViewController.swift; sourceTree = "<group>"; };
		6D43F67828262FB80004671C /* DadThirdViewController.swift */ = {isa = PBXFileReference; lastKnownFileType = sourcecode.swift; path = DadThirdViewController.swift; sourceTree = "<group>"; };
		6D43F67A28262FC60004671C /* DadThirdPViewController.swift */ = {isa = PBXFileReference; lastKnownFileType = sourcecode.swift; path = DadThirdPViewController.swift; sourceTree = "<group>"; };
		6D43F67C282634240004671C /* dad-question.jpg */ = {isa = PBXFileReference; lastKnownFileType = image.jpeg; path = "dad-question.jpg"; sourceTree = "<group>"; };
		6D43F67D282634240004671C /* dad-punchline.png */ = {isa = PBXFileReference; lastKnownFileType = image.png; path = "dad-punchline.png"; sourceTree = "<group>"; };
		6D43F67E282634240004671C /* pun-punchline.jpg */ = {isa = PBXFileReference; lastKnownFileType = image.jpeg; path = "pun-punchline.jpg"; sourceTree = "<group>"; };
		6D43F67F282634240004671C /* good-question.jpg */ = {isa = PBXFileReference; lastKnownFileType = image.jpeg; path = "good-question.jpg"; sourceTree = "<group>"; };
		6D43F680282634240004671C /* pun-question.gif */ = {isa = PBXFileReference; lastKnownFileType = image.gif; path = "pun-question.gif"; sourceTree = "<group>"; };
		6D43F681282634240004671C /* good-punchline.jpg */ = {isa = PBXFileReference; lastKnownFileType = image.jpeg; path = "good-punchline.jpg"; sourceTree = "<group>"; };
/* End PBXFileReference section */

/* Begin PBXFrameworksBuildPhase section */
		6D43F61B2825E80C0004671C /* Frameworks */ = {
			isa = PBXFrameworksBuildPhase;
			buildActionMask = 2147483647;
			files = (
			);
			runOnlyForDeploymentPostprocessing = 0;
		};
/* End PBXFrameworksBuildPhase section */

/* Begin PBXGroup section */
		6D43F6152825E80C0004671C = {
			isa = PBXGroup;
			children = (
				6D43F6202825E80C0004671C /* iKid */,
				6D43F61F2825E80C0004671C /* Products */,
			);
			sourceTree = "<group>";
		};
		6D43F61F2825E80C0004671C /* Products */ = {
			isa = PBXGroup;
			children = (
				6D43F61E2825E80C0004671C /* iKid.app */,
			);
			name = Products;
			sourceTree = "<group>";
		};
		6D43F6202825E80C0004671C /* iKid */ = {
			isa = PBXGroup;
			children = (
				6D43F6212825E80C0004671C /* AppDelegate.swift */,
				6D43F6232825E80C0004671C /* SceneDelegate.swift */,
				6D43F6252825E80C0004671C /* ViewController.swift */,
				6D43F6352825EC400004671C /* GoodFirstViewController.swift */,
				6D43F6392825ED530004671C /* GoodFirstPViewController.swift */,
				6D43F6372825EC4B0004671C /* GoodSecondViewController.swift */,
				6D43F63B2825ED620004671C /* GoodSecondPViewController.swift */,
				6D43F66D282629300004671C /* GoodThirdViewController.swift */,
				6D43F66F2826293B0004671C /* GoodThirdPViewController.swift */,
				6D43F63D2825FBB20004671C /* PunViewController.swift */,
				6D43F6432825FC300004671C /* PunFirstViewController.swift */,
				6D43F6452825FC5C0004671C /* PunFirstPViewController.swift */,
				6D43F6472825FCE80004671C /* PunSecondViewController.swift */,
				6D43F6492825FD090004671C /* PunSecondPViewController.swift */,
				6D43F661282622DB0004671C /* PunThirdViewController.swift */,
				6D43F663282622E90004671C /* PunThirdPViewController.swift */,
				6D43F63F2825FBD70004671C /* DadViewController.swift */,
				6D43F64B282604380004671C /* DadFirstViewController.swift */,
				6D43F64F2826044B0004671C /* DadFirstPViewController.swift */,
				6D43F64D282604410004671C /* DadSecondViewController.swift */,
				6D43F651282604550004671C /* DadSecondPViewController.swift */,
				6D43F67828262FB80004671C /* DadThirdViewController.swift */,
				6D43F67A28262FC60004671C /* DadThirdPViewController.swift */,
				6D43F6412825FBF70004671C /* KnockKnockViewController.swift */,
				6D43F653282619B30004671C /* KKFirstViewController.swift */,
				6D43F655282619C00004671C /* KKSecondViewController.swift */,
				6D43F657282619CA0004671C /* KKThirdViewController.swift */,
				6D43F659282619D40004671C /* KKFourthViewController.swift */,
				6D43F65B28261A190004671C /* KKFifthViewController.swift */,
				6D43F6272825E80C0004671C /* Main.storyboard */,
				6D43F62A2825E80E0004671C /* Assets.xcassets */,
				6D43F62C2825E80E0004671C /* LaunchScreen.storyboard */,
				6D43F62F2825E80E0004671C /* Info.plist */,
				6D43F67D282634240004671C /* dad-punchline.png */,
				6D43F67C282634240004671C /* dad-question.jpg */,
				6D43F681282634240004671C /* good-punchline.jpg */,
				6D43F67F282634240004671C /* good-question.jpg */,
				6D43F67E282634240004671C /* pun-punchline.jpg */,
				6D43F680282634240004671C /* pun-question.gif */,
			);
			path = iKid;
			sourceTree = "<group>";
		};
/* End PBXGroup section */

/* Begin PBXNativeTarget section */
		6D43F61D2825E80C0004671C /* iKid */ = {
			isa = PBXNativeTarget;
			buildConfigurationList = 6D43F6322825E80E0004671C /* Build configuration list for PBXNativeTarget "iKid" */;
			buildPhases = (
				6D43F61A2825E80C0004671C /* Sources */,
				6D43F61B2825E80C0004671C /* Frameworks */,
				6D43F61C2825E80C0004671C /* Resources */,
			);
			buildRules = (
			);
			dependencies = (
			);
			name = iKid;
			productName = iKid;
			productReference = 6D43F61E2825E80C0004671C /* iKid.app */;
			productType = "com.apple.product-type.application";
		};
/* End PBXNativeTarget section */

/* Begin PBXProject section */
		6D43F6162825E80C0004671C /* Project object */ = {
			isa = PBXProject;
			attributes = {
				BuildIndependentTargetsInParallel = 1;
				LastSwiftUpdateCheck = 1330;
				LastUpgradeCheck = 1330;
				TargetAttributes = {
					6D43F61D2825E80C0004671C = {
						CreatedOnToolsVersion = 13.3;
					};
				};
			};
			buildConfigurationList = 6D43F6192825E80C0004671C /* Build configuration list for PBXProject "iKid" */;
			compatibilityVersion = "Xcode 13.0";
			developmentRegion = en;
			hasScannedForEncodings = 0;
			knownRegions = (
				en,
				Base,
			);
			mainGroup = 6D43F6152825E80C0004671C;
			productRefGroup = 6D43F61F2825E80C0004671C /* Products */;
			projectDirPath = "";
			projectRoot = "";
			targets = (
				6D43F61D2825E80C0004671C /* iKid */,
			);
		};
/* End PBXProject section */

/* Begin PBXResourcesBuildPhase section */
		6D43F61C2825E80C0004671C /* Resources */ = {
			isa = PBXResourcesBuildPhase;
			buildActionMask = 2147483647;
			files = (
				6D43F62E2825E80E0004671C /* LaunchScreen.storyboard in Resources */,
				6D43F682282634240004671C /* dad-question.jpg in Resources */,
				6D43F685282634240004671C /* good-question.jpg in Resources */,
				6D43F62B2825E80E0004671C /* Assets.xcassets in Resources */,
				6D43F687282634240004671C /* good-punchline.jpg in Resources */,
				6D43F686282634240004671C /* pun-question.gif in Resources */,
				6D43F6292825E80C0004671C /* Main.storyboard in Resources */,
				6D43F684282634240004671C /* pun-punchline.jpg in Resources */,
				6D43F683282634240004671C /* dad-punchline.png in Resources */,
			);
			runOnlyForDeploymentPostprocessing = 0;
		};
/* End PBXResourcesBuildPhase section */

/* Begin PBXSourcesBuildPhase section */
		6D43F61A2825E80C0004671C /* Sources */ = {
			isa = PBXSourcesBuildPhase;
			buildActionMask = 2147483647;
			files = (
				6D43F65A282619D40004671C /* KKFourthViewController.swift in Sources */,
				6D43F6362825EC400004671C /* GoodFirstViewController.swift in Sources */,
				6D43F6502826044B0004671C /* DadFirstPViewController.swift in Sources */,
				6D43F6482825FCE80004671C /* PunSecondViewController.swift in Sources */,
				6D43F6442825FC300004671C /* PunFirstViewController.swift in Sources */,
				6D43F656282619C00004671C /* KKSecondViewController.swift in Sources */,
				6D43F6702826293B0004671C /* GoodThirdPViewController.swift in Sources */,
				6D43F6462825FC5C0004671C /* PunFirstPViewController.swift in Sources */,
				6D43F66E282629300004671C /* GoodThirdViewController.swift in Sources */,
				6D43F64C282604380004671C /* DadFirstViewController.swift in Sources */,
				6D43F63A2825ED530004671C /* GoodFirstPViewController.swift in Sources */,
				6D43F63C2825ED620004671C /* GoodSecondPViewController.swift in Sources */,
				6D43F6382825EC4B0004671C /* GoodSecondViewController.swift in Sources */,
				6D43F63E2825FBB20004671C /* PunViewController.swift in Sources */,
				6D43F6262825E80C0004671C /* ViewController.swift in Sources */,
				6D43F6222825E80C0004671C /* AppDelegate.swift in Sources */,
				6D43F65C28261A190004671C /* KKFifthViewController.swift in Sources */,
				6D43F6402825FBD70004671C /* DadViewController.swift in Sources */,
				6D43F658282619CA0004671C /* KKThirdViewController.swift in Sources */,
				6D43F664282622E90004671C /* PunThirdPViewController.swift in Sources */,
				6D43F67B28262FC60004671C /* DadThirdPViewController.swift in Sources */,
				6D43F64E282604410004671C /* DadSecondViewController.swift in Sources */,
				6D43F64A2825FD090004671C /* PunSecondPViewController.swift in Sources */,
				6D43F6422825FBF70004671C /* KnockKnockViewController.swift in Sources */,
				6D43F662282622DB0004671C /* PunThirdViewController.swift in Sources */,
				6D43F6242825E80C0004671C /* SceneDelegate.swift in Sources */,
				6D43F652282604550004671C /* DadSecondPViewController.swift in Sources */,
				6D43F67928262FB80004671C /* DadThirdViewController.swift in Sources */,
				6D43F654282619B30004671C /* KKFirstViewController.swift in Sources */,
			);
			runOnlyForDeploymentPostprocessing = 0;
		};
/* End PBXSourcesBuildPhase section */

/* Begin PBXVariantGroup section */
		6D43F6272825E80C0004671C /* Main.storyboard */ = {
			isa = PBXVariantGroup;
			children = (
				6D43F6282825E80C0004671C /* Base */,
			);
			name = Main.storyboard;
			sourceTree = "<group>";
		};
		6D43F62C2825E80E0004671C /* LaunchScreen.storyboard */ = {
			isa = PBXVariantGroup;
			children = (
				6D43F62D2825E80E0004671C /* Base */,
			);
			name = LaunchScreen.storyboard;
			sourceTree = "<group>";
		};
/* End PBXVariantGroup section */

/* Begin XCBuildConfiguration section */
		6D43F6302825E80E0004671C /* Debug */ = {
			isa = XCBuildConfiguration;
			buildSettings = {
				ALWAYS_SEARCH_USER_PATHS = NO;
				CLANG_ANALYZER_NONNULL = YES;
				CLANG_ANALYZER_NUMBER_OBJECT_CONVERSION = YES_AGGRESSIVE;
				CLANG_CXX_LANGUAGE_STANDARD = "gnu++17";
				CLANG_ENABLE_MODULES = YES;
				CLANG_ENABLE_OBJC_ARC = YES;
				CLANG_ENABLE_OBJC_WEAK = YES;
				CLANG_WARN_BLOCK_CAPTURE_AUTORELEASING = YES;
				CLANG_WARN_BOOL_CONVERSION = YES;
				CLANG_WARN_COMMA = YES;
				CLANG_WARN_CONSTANT_CONVERSION = YES;
				CLANG_WARN_DEPRECATED_OBJC_IMPLEMENTATIONS = YES;
				CLANG_WARN_DIRECT_OBJC_ISA_USAGE = YES_ERROR;
				CLANG_WARN_DOCUMENTATION_COMMENTS = YES;
				CLANG_WARN_EMPTY_BODY = YES;
				CLANG_WARN_ENUM_CONVERSION = YES;
				CLANG_WARN_INFINITE_RECURSION = YES;
				CLANG_WARN_INT_CONVERSION = YES;
				CLANG_WARN_NON_LITERAL_NULL_CONVERSION = YES;
				CLANG_WARN_OBJC_IMPLICIT_RETAIN_SELF = YES;
				CLANG_WARN_OBJC_LITERAL_CONVERSION = YES;
				CLANG_WARN_OBJC_ROOT_CLASS = YES_ERROR;
				CLANG_WARN_QUOTED_INCLUDE_IN_FRAMEWORK_HEADER = YES;
				CLANG_WARN_RANGE_LOOP_ANALYSIS = YES;
				CLANG_WARN_STRICT_PROTOTYPES = YES;
				CLANG_WARN_SUSPICIOUS_MOVE = YES;
				CLANG_WARN_UNGUARDED_AVAILABILITY = YES_AGGRESSIVE;
				CLANG_WARN_UNREACHABLE_CODE = YES;
				CLANG_WARN__DUPLICATE_METHOD_MATCH = YES;
				COPY_PHASE_STRIP = NO;
				DEBUG_INFORMATION_FORMAT = dwarf;
				ENABLE_STRICT_OBJC_MSGSEND = YES;
				ENABLE_TESTABILITY = YES;
				GCC_C_LANGUAGE_STANDARD = gnu11;
				GCC_DYNAMIC_NO_PIC = NO;
				GCC_NO_COMMON_BLOCKS = YES;
				GCC_OPTIMIZATION_LEVEL = 0;
				GCC_PREPROCESSOR_DEFINITIONS = (
					"DEBUG=1",
					"$(inherited)",
				);
				GCC_WARN_64_TO_32_BIT_CONVERSION = YES;
				GCC_WARN_ABOUT_RETURN_TYPE = YES_ERROR;
				GCC_WARN_UNDECLARED_SELECTOR = YES;
				GCC_WARN_UNINITIALIZED_AUTOS = YES_AGGRESSIVE;
				GCC_WARN_UNUSED_FUNCTION = YES;
				GCC_WARN_UNUSED_VARIABLE = YES;
				IPHONEOS_DEPLOYMENT_TARGET = 15.4;
				MTL_ENABLE_DEBUG_INFO = INCLUDE_SOURCE;
				MTL_FAST_MATH = YES;
				ONLY_ACTIVE_ARCH = YES;
				SDKROOT = iphoneos;
				SWIFT_ACTIVE_COMPILATION_CONDITIONS = DEBUG;
				SWIFT_OPTIMIZATION_LEVEL = "-Onone";
			};
			name = Debug;
		};
		6D43F6312825E80E0004671C /* Release */ = {
			isa = XCBuildConfiguration;
			buildSettings = {
				ALWAYS_SEARCH_USER_PATHS = NO;
				CLANG_ANALYZER_NONNULL = YES;
				CLANG_ANALYZER_NUMBER_OBJECT_CONVERSION = YES_AGGRESSIVE;
				CLANG_CXX_LANGUAGE_STANDARD = "gnu++17";
				CLANG_ENABLE_MODULES = YES;
				CLANG_ENABLE_OBJC_ARC = YES;
				CLANG_ENABLE_OBJC_WEAK = YES;
				CLANG_WARN_BLOCK_CAPTURE_AUTORELEASING = YES;
				CLANG_WARN_BOOL_CONVERSION = YES;
				CLANG_WARN_COMMA = YES;
				CLANG_WARN_CONSTANT_CONVERSION = YES;
				CLANG_WARN_DEPRECATED_OBJC_IMPLEMENTATIONS = YES;
				CLANG_WARN_DIRECT_OBJC_ISA_USAGE = YES_ERROR;
				CLANG_WARN_DOCUMENTATION_COMMENTS = YES;
				CLANG_WARN_EMPTY_BODY = YES;
				CLANG_WARN_ENUM_CONVERSION = YES;
				CLANG_WARN_INFINITE_RECURSION = YES;
				CLANG_WARN_INT_CONVERSION = YES;
				CLANG_WARN_NON_LITERAL_NULL_CONVERSION = YES;
				CLANG_WARN_OBJC_IMPLICIT_RETAIN_SELF = YES;
				CLANG_WARN_OBJC_LITERAL_CONVERSION = YES;
				CLANG_WARN_OBJC_ROOT_CLASS = YES_ERROR;
				CLANG_WARN_QUOTED_INCLUDE_IN_FRAMEWORK_HEADER = YES;
				CLANG_WARN_RANGE_LOOP_ANALYSIS = YES;
				CLANG_WARN_STRICT_PROTOTYPES = YES;
				CLANG_WARN_SUSPICIOUS_MOVE = YES;
				CLANG_WARN_UNGUARDED_AVAILABILITY = YES_AGGRESSIVE;
				CLANG_WARN_UNREACHABLE_CODE = YES;
				CLANG_WARN__DUPLICATE_METHOD_MATCH = YES;
				COPY_PHASE_STRIP = NO;
				DEBUG_INFORMATION_FORMAT = "dwarf-with-dsym";
				ENABLE_NS_ASSERTIONS = NO;
				ENABLE_STRICT_OBJC_MSGSEND = YES;
				GCC_C_LANGUAGE_STANDARD = gnu11;
				GCC_NO_COMMON_BLOCKS = YES;
				GCC_WARN_64_TO_32_BIT_CONVERSION = YES;
				GCC_WARN_ABOUT_RETURN_TYPE = YES_ERROR;
				GCC_WARN_UNDECLARED_SELECTOR = YES;
				GCC_WARN_UNINITIALIZED_AUTOS = YES_AGGRESSIVE;
				GCC_WARN_UNUSED_FUNCTION = YES;
				GCC_WARN_UNUSED_VARIABLE = YES;
				IPHONEOS_DEPLOYMENT_TARGET = 15.4;
				MTL_ENABLE_DEBUG_INFO = NO;
				MTL_FAST_MATH = YES;
				SDKROOT = iphoneos;
				SWIFT_COMPILATION_MODE = wholemodule;
				SWIFT_OPTIMIZATION_LEVEL = "-O";
				VALIDATE_PRODUCT = YES;
			};
			name = Release;
		};
		6D43F6332825E80E0004671C /* Debug */ = {
			isa = XCBuildConfiguration;
			buildSettings = {
				ASSETCATALOG_COMPILER_APPICON_NAME = AppIcon;
				ASSETCATALOG_COMPILER_GLOBAL_ACCENT_COLOR_NAME = AccentColor;
				CODE_SIGN_STYLE = Automatic;
				CURRENT_PROJECT_VERSION = 1;
				DEVELOPMENT_TEAM = M93A582M69;
				GENERATE_INFOPLIST_FILE = YES;
				INFOPLIST_FILE = iKid/Info.plist;
				INFOPLIST_KEY_UIApplicationSupportsIndirectInputEvents = YES;
				INFOPLIST_KEY_UILaunchStoryboardName = LaunchScreen;
				INFOPLIST_KEY_UIMainStoryboardFile = Main;
				INFOPLIST_KEY_UISupportedInterfaceOrientations_iPad = "UIInterfaceOrientationPortrait UIInterfaceOrientationPortraitUpsideDown UIInterfaceOrientationLandscapeLeft UIInterfaceOrientationLandscapeRight";
				INFOPLIST_KEY_UISupportedInterfaceOrientations_iPhone = "UIInterfaceOrientationPortrait UIInterfaceOrientationLandscapeLeft UIInterfaceOrientationLandscapeRight";
				LD_RUNPATH_SEARCH_PATHS = (
					"$(inherited)",
					"@executable_path/Frameworks",
				);
				MARKETING_VERSION = 1.0;
				PRODUCT_BUNDLE_IDENTIFIER = com.hli.iKid;
				PRODUCT_NAME = "$(TARGET_NAME)";
				SWIFT_EMIT_LOC_STRINGS = YES;
				SWIFT_VERSION = 5.0;
				TARGETED_DEVICE_FAMILY = "1,2";
			};
			name = Debug;
		};
		6D43F6342825E80E0004671C /* Release */ = {
			isa = XCBuildConfiguration;
			buildSettings = {
				ASSETCATALOG_COMPILER_APPICON_NAME = AppIcon;
				ASSETCATALOG_COMPILER_GLOBAL_ACCENT_COLOR_NAME = AccentColor;
				CODE_SIGN_STYLE = Automatic;
				CURRENT_PROJECT_VERSION = 1;
				DEVELOPMENT_TEAM = M93A582M69;
				GENERATE_INFOPLIST_FILE = YES;
				INFOPLIST_FILE = iKid/Info.plist;
				INFOPLIST_KEY_UIApplicationSupportsIndirectInputEvents = YES;
				INFOPLIST_KEY_UILaunchStoryboardName = LaunchScreen;
				INFOPLIST_KEY_UIMainStoryboardFile = Main;
				INFOPLIST_KEY_UISupportedInterfaceOrientations_iPad = "UIInterfaceOrientationPortrait UIInterfaceOrientationPortraitUpsideDown UIInterfaceOrientationLandscapeLeft UIInterfaceOrientationLandscapeRight";
				INFOPLIST_KEY_UISupportedInterfaceOrientations_iPhone = "UIInterfaceOrientationPortrait UIInterfaceOrientationLandscapeLeft UIInterfaceOrientationLandscapeRight";
				LD_RUNPATH_SEARCH_PATHS = (
					"$(inherited)",
					"@executable_path/Frameworks",
				);
				MARKETING_VERSION = 1.0;
				PRODUCT_BUNDLE_IDENTIFIER = com.hli.iKid;
				PRODUCT_NAME = "$(TARGET_NAME)";
				SWIFT_EMIT_LOC_STRINGS = YES;
				SWIFT_VERSION = 5.0;
				TARGETED_DEVICE_FAMILY = "1,2";
			};
			name = Release;
		};
/* End XCBuildConfiguration section */

/* Begin XCConfigurationList section */
		6D43F6192825E80C0004671C /* Build configuration list for PBXProject "iKid" */ = {
			isa = XCConfigurationList;
			buildConfigurations = (
				6D43F6302825E80E0004671C /* Debug */,
				6D43F6312825E80E0004671C /* Release */,
			);
			defaultConfigurationIsVisible = 0;
			defaultConfigurationName = Release;
		};
		6D43F6322825E80E0004671C /* Build configuration list for PBXNativeTarget "iKid" */ = {
			isa = XCConfigurationList;
			buildConfigurations = (
				6D43F6332825E80E0004671C /* Debug */,
				6D43F6342825E80E0004671C /* Release */,
			);
			defaultConfigurationIsVisible = 0;
			defaultConfigurationName = Release;
		};
/* End XCConfigurationList section */
	};
	rootObject = 6D43F6162825E80C0004671C /* Project object */;
}
